# THIS IS AN AUTOGENERATED FILE. DO NOT EDIT THIS FILE DIRECTLY.
# yarn lockfile v1


"gsap@^3.8.0":
  "integrity" "sha512-cvpzKkWFePDZCycwXwJnDSpTR3j+a4QLQF/t0c+pXqzRESgAYx5hieaoshzZFjbwsARqr0+5c3GKE7wI273w/g=="
  "resolved" "https://registry.npmjs.org/gsap/-/gsap-3.8.0.tgz"
  "version" "3.8.0"

"three@^0.145.0":
  "integrity" "sha512-EKoHQEtEJ4CB6b2BGMBgLZrfwLjXcSUfoI/MiIXUuRpeYsfK5aPWbYhdtIVWOH+x6X0TouldHKHBuc/LAiFzAw=="
  "resolved" "https://registry.npmjs.org/three/-/three-0.145.0.tgz"
  "version" "0.145.0"
